
Microsoft Visual Studio Solution File, Format Version 12.00
# Visual Studio Version 17
VisualStudioVersion = 17.5.33424.131
MinimumVisualStudioVersion = 10.0.40219.1
Project("{FAE04EC0-301F-11D3-BF4B-00C04F79EFBC}") = "SuperHeroAPI", "SuperHeroAPI\SuperHeroAPI.csproj", "{4AB1686A-49D3-4BE2-9FCA-EB2C3ADAA5F2}"
EndProject
Global
	GlobalSection(SolutionConfigurationPlatforms) = preSolution
		Debug|Any CPU = Debug|Any CPU
		Release|Any CPU = Release|Any CPU
	EndGlobalSection
	GlobalSection(ProjectConfigurationPlatforms) = postSolution
		{4AB1686A-49D3-4BE2-9FCA-EB2C3ADAA5F2}.Debug|Any CPU.ActiveCfg = Debug|Any CPU
		{4AB1686A-49D3-4BE2-9FCA-EB2C3ADAA5F2}.Debug|Any CPU.Build.0 = Debug|Any CPU
		{4AB1686A-49D3-4BE2-9FCA-EB2C3ADAA5F2}.Release|Any CPU.ActiveCfg = Release|Any CPU
		{4AB1686A-49D3-4BE2-9FCA-EB2C3ADAA5F2}.Release|Any CPU.Build.0 = Release|Any CPU
	EndGlobalSection
	GlobalSection(SolutionProperties) = preSolution
		HideSolutionNode = FALSE
	EndGlobalSection
	GlobalSection(ExtensibilityGlobals) = postSolution
		SolutionGuid = {B3403541-E58F-410D-B905-23345065ECAF}
	EndGlobalSection
EndGlobal
